
Microsoft Visual Studio Solution File, Format Version 12.00
# Visual Studio Version 16
VisualStudioVersion = 16.0.31321.278
MinimumVisualStudioVersion = 10.0.40219.1
Project("{FAE04EC0-301F-11D3-BF4B-00C04F79EFBC}") = "Task1", "Task1\Task1.csproj", "{9FF7D2C4-0887-41FE-A6C3-C058657B7D11}"
EndProject
Project("{FAE04EC0-301F-11D3-BF4B-00C04F79EFBC}") = "Task1.Tests", "Task1.Tests\Task1.Tests.csproj", "{9C32D060-8C43-4090-8757-D31891E7A1D0}"
EndProject
Global
	GlobalSection(SolutionConfigurationPlatforms) = preSolution
		Debug|Any CPU = Debug|Any CPU
		Release|Any CPU = Release|Any CPU
	EndGlobalSection
	GlobalSection(ProjectConfigurationPlatforms) = postSolution
		{9FF7D2C4-0887-41FE-A6C3-C058657B7D11}.Debug|Any CPU.ActiveCfg = Debug|Any CPU
		{9FF7D2C4-0887-41FE-A6C3-C058657B7D11}.Debug|Any CPU.Build.0 = Debug|Any CPU
		{9FF7D2C4-0887-41FE-A6C3-C058657B7D11}.Release|Any CPU.ActiveCfg = Release|Any CPU
		{9FF7D2C4-0887-41FE-A6C3-C058657B7D11}.Release|Any CPU.Build.0 = Release|Any CPU
		{9C32D060-8C43-4090-8757-D31891E7A1D0}.Debug|Any CPU.ActiveCfg = Debug|Any CPU
		{9C32D060-8C43-4090-8757-D31891E7A1D0}.Debug|Any CPU.Build.0 = Debug|Any CPU
		{9C32D060-8C43-4090-8757-D31891E7A1D0}.Release|Any CPU.ActiveCfg = Release|Any CPU
		{9C32D060-8C43-4090-8757-D31891E7A1D0}.Release|Any CPU.Build.0 = Release|Any CPU
	EndGlobalSection
	GlobalSection(SolutionProperties) = preSolution
		HideSolutionNode = FALSE
	EndGlobalSection
	GlobalSection(ExtensibilityGlobals) = postSolution
		SolutionGuid = {F0C334B1-BED9-43EF-9706-C658C18F9EC8}
	EndGlobalSection
EndGlobal
